
Microsoft Visual Studio Solution File, Format Version 12.00
# Visual Studio Version 16
VisualStudioVersion = 16.0.31424.327
MinimumVisualStudioVersion = 10.0.40219.1
Project("{FAE04EC0-301F-11D3-BF4B-00C04F79EFBC}") = "ProcessVisualization.Android", "ProcessVisualization\ProcessVisualization.Android\ProcessVisualization.Android.csproj", "{72EA1C5B-CA0E-4868-BD80-2478729FB913}"
EndProject
Project("{FAE04EC0-301F-11D3-BF4B-00C04F79EFBC}") = "ProcessVisualization", "ProcessVisualization\ProcessVisualization\ProcessVisualization.csproj", "{BF462C08-9D63-4A1B-B7E0-10DE46DDF698}"
EndProject
Global
	GlobalSection(SolutionConfigurationPlatforms) = preSolution
		Debug|Any CPU = Debug|Any CPU
		Release|Any CPU = Release|Any CPU
	EndGlobalSection
	GlobalSection(ProjectConfigurationPlatforms) = postSolution
		{72EA1C5B-CA0E-4868-BD80-2478729FB913}.Debug|Any CPU.ActiveCfg = Debug|Any CPU
		{72EA1C5B-CA0E-4868-BD80-2478729FB913}.Debug|Any CPU.Build.0 = Debug|Any CPU
		{72EA1C5B-CA0E-4868-BD80-2478729FB913}.Debug|Any CPU.Deploy.0 = Debug|Any CPU
		{72EA1C5B-CA0E-4868-BD80-2478729FB913}.Release|Any CPU.ActiveCfg = Release|Any CPU
		{72EA1C5B-CA0E-4868-BD80-2478729FB913}.Release|Any CPU.Build.0 = Release|Any CPU
		{72EA1C5B-CA0E-4868-BD80-2478729FB913}.Release|Any CPU.Deploy.0 = Release|Any CPU
		{BF462C08-9D63-4A1B-B7E0-10DE46DDF698}.Debug|Any CPU.ActiveCfg = Debug|Any CPU
		{BF462C08-9D63-4A1B-B7E0-10DE46DDF698}.Debug|Any CPU.Build.0 = Debug|Any CPU
		{BF462C08-9D63-4A1B-B7E0-10DE46DDF698}.Debug|Any CPU.Deploy.0 = Debug|Any CPU
		{BF462C08-9D63-4A1B-B7E0-10DE46DDF698}.Release|Any CPU.ActiveCfg = Release|Any CPU
		{BF462C08-9D63-4A1B-B7E0-10DE46DDF698}.Release|Any CPU.Build.0 = Release|Any CPU
		{BF462C08-9D63-4A1B-B7E0-10DE46DDF698}.Release|Any CPU.Deploy.0 = Release|Any CPU
	EndGlobalSection
	GlobalSection(SolutionProperties) = preSolution
		HideSolutionNode = FALSE
	EndGlobalSection
	GlobalSection(ExtensibilityGlobals) = postSolution
		SolutionGuid = {FBF9C741-7836-4AA5-960C-3CA0B6D588A0}
	EndGlobalSection
EndGlobal
