
Microsoft Visual Studio Solution File, Format Version 12.00
# Visual Studio Version 16
VisualStudioVersion = 16.0.31424.327
MinimumVisualStudioVersion = 10.0.40219.1
Project("{9A19103F-16F7-4668-BE54-9A1E7A4F7556}") = "TankSimulation", "TankSimulation\TankSimulation\TankSimulation.csproj", "{5577EE27-A3C3-41BC-817A-2DE2791FCCEF}"
EndProject
Project("{FAE04EC0-301F-11D3-BF4B-00C04F79EFBC}") = "TankSimulation.Android", "TankSimulation\TankSimulation.Android\TankSimulation.Android.csproj", "{72EA1C5B-CA0E-4868-BD80-2478729FB913}"
EndProject
Global
	GlobalSection(SolutionConfigurationPlatforms) = preSolution
		Debug|Any CPU = Debug|Any CPU
		Release|Any CPU = Release|Any CPU
	EndGlobalSection
	GlobalSection(ProjectConfigurationPlatforms) = postSolution
		{5577EE27-A3C3-41BC-817A-2DE2791FCCEF}.Debug|Any CPU.ActiveCfg = Debug|Any CPU
		{5577EE27-A3C3-41BC-817A-2DE2791FCCEF}.Debug|Any CPU.Build.0 = Debug|Any CPU
		{5577EE27-A3C3-41BC-817A-2DE2791FCCEF}.Release|Any CPU.ActiveCfg = Release|Any CPU
		{5577EE27-A3C3-41BC-817A-2DE2791FCCEF}.Release|Any CPU.Build.0 = Release|Any CPU
		{72EA1C5B-CA0E-4868-BD80-2478729FB913}.Debug|Any CPU.ActiveCfg = Debug|Any CPU
		{72EA1C5B-CA0E-4868-BD80-2478729FB913}.Debug|Any CPU.Build.0 = Debug|Any CPU
		{72EA1C5B-CA0E-4868-BD80-2478729FB913}.Debug|Any CPU.Deploy.0 = Debug|Any CPU
		{72EA1C5B-CA0E-4868-BD80-2478729FB913}.Release|Any CPU.ActiveCfg = Release|Any CPU
		{72EA1C5B-CA0E-4868-BD80-2478729FB913}.Release|Any CPU.Build.0 = Release|Any CPU
		{72EA1C5B-CA0E-4868-BD80-2478729FB913}.Release|Any CPU.Deploy.0 = Release|Any CPU
	EndGlobalSection
	GlobalSection(SolutionProperties) = preSolution
		HideSolutionNode = FALSE
	EndGlobalSection
	GlobalSection(ExtensibilityGlobals) = postSolution
		SolutionGuid = {FBF9C741-7836-4AA5-960C-3CA0B6D588A0}
	EndGlobalSection
EndGlobal
